// !$*UTF8*$!
{
	archiveVersion = 1;
	classes = {
	};
	objectVersion = 46;
	objects = {

/* Begin PBXBuildFile section */
		2492989FB55827D890F5958C /* libPods-MinnieJasonWedding.a in Frameworks */ = {isa = PBXBuildFile; fileRef = 336FA3EFD9CBFB94A9BA32EE /* libPods-MinnieJasonWedding.a */; };
		964A61C21CA822A7004D9B7C /* PhoneBookTableViewCell.m in Sources */ = {isa = PBXBuildFile; fileRef = 964A61C11CA822A7004D9B7C /* PhoneBookTableViewCell.m */; };
		967B0E621C9FDE440010C612 /* PhotoBrowserViewController.m in Sources */ = {isa = PBXBuildFile; fileRef = 967B0E611C9FDE440010C612 /* PhotoBrowserViewController.m */; };
		968597871C9C0634003E9D96 /* main.m in Sources */ = {isa = PBXBuildFile; fileRef = 968597861C9C0634003E9D96 /* main.m */; };
		9685978A1C9C0634003E9D96 /* AppDelegate.m in Sources */ = {isa = PBXBuildFile; fileRef = 968597891C9C0634003E9D96 /* AppDelegate.m */; };
		9685978D1C9C0634003E9D96 /* ViewController.m in Sources */ = {isa = PBXBuildFile; fileRef = 9685978C1C9C0634003E9D96 /* ViewController.m */; };
		968597901C9C0634003E9D96 /* Main.storyboard in Resources */ = {isa = PBXBuildFile; fileRef = 9685978E1C9C0634003E9D96 /* Main.storyboard */; };
		968597921C9C0634003E9D96 /* Assets.xcassets in Resources */ = {isa = PBXBuildFile; fileRef = 968597911C9C0634003E9D96 /* Assets.xcassets */; };
		968597951C9C0634003E9D96 /* LaunchScreen.storyboard in Resources */ = {isa = PBXBuildFile; fileRef = 968597931C9C0634003E9D96 /* LaunchScreen.storyboard */; };
		968597A01C9C0634003E9D96 /* MinnieJasonWeddingTests.m in Sources */ = {isa = PBXBuildFile; fileRef = 9685979F1C9C0634003E9D96 /* MinnieJasonWeddingTests.m */; };
		968597AB1C9C0634003E9D96 /* MinnieJasonWeddingUITests.m in Sources */ = {isa = PBXBuildFile; fileRef = 968597AA1C9C0634003E9D96 /* MinnieJasonWeddingUITests.m */; };
		96CB243D1C9FF43100949526 /* PhotoBrowser in Resources */ = {isa = PBXBuildFile; fileRef = 96CB243C1C9FF43100949526 /* PhotoBrowser */; };
		96CB24801C9FF9F800949526 /* DS_18327.jpg in Resources */ = {isa = PBXBuildFile; fileRef = 96CB243F1C9FF9F800949526 /* DS_18327.jpg */; };
		96CB24811C9FF9F800949526 /* DS_18334.jpg in Resources */ = {isa = PBXBuildFile; fileRef = 96CB24401C9FF9F800949526 /* DS_18334.jpg */; };
		96CB24821C9FF9F800949526 /* DS_18336.jpg in Resources */ = {isa = PBXBuildFile; fileRef = 96CB24411C9FF9F800949526 /* DS_18336.jpg */; };
		96CB24831C9FF9F800949526 /* DS_18337.jpg in Resources */ = {isa = PBXBuildFile; fileRef = 96CB24421C9FF9F800949526 /* DS_18337.jpg */; };
		96CB24841C9FF9F800949526 /* DS_18357.jpg in Resources */ = {isa = PBXBuildFile; fileRef = 96CB24431C9FF9F800949526 /* DS_18357.jpg */; };
		96CB24851C9FF9F800949526 /* DS_18358.jpg in Resources */ = {isa = PBXBuildFile; fileRef = 96CB24441C9FF9F800949526 /* DS_18358.jpg */; };
		96CB24861C9FF9F800949526 /* DS_18362.jpg in Resources */ = {isa = PBXBuildFile; fileRef = 96CB24451C9FF9F800949526 /* DS_18362.jpg */; };
		96CB24871C9FF9F800949526 /* DS_18365.jpg in Resources */ = {isa = PBXBuildFile; fileRef = 96CB24461C9FF9F800949526 /* DS_18365.jpg */; };
		96CB24881C9FF9F800949526 /* DS_18372.jpg in Resources */ = {isa = PBXBuildFile; fileRef = 96CB24471C9FF9F800949526 /* DS_18372.jpg */; };
		96CB24891C9FF9F800949526 /* DS_18376.jpg in Resources */ = {isa = PBXBuildFile; fileRef = 96CB24481C9FF9F800949526 /* DS_18376.jpg */; };
		96CB248A1C9FF9F800949526 /* DS_18380.jpg in Resources */ = {isa = PBXBuildFile; fileRef = 96CB24491C9FF9F800949526 /* DS_18380.jpg */; };
		96CB248B1C9FF9F800949526 /* DS_18413.jpg in Resources */ = {isa = PBXBuildFile; fileRef = 96CB244A1C9FF9F800949526 /* DS_18413.jpg */; };
		96CB248C1C9FF9F800949526 /* DS_18415.jpg in Resources */ = {isa = PBXBuildFile; fileRef = 96CB244B1C9FF9F800949526 /* DS_18415.jpg */; };
		96CB248D1C9FF9F800949526 /* DS_18422.jpg in Resources */ = {isa = PBXBuildFile; fileRef = 96CB244C1C9FF9F800949526 /* DS_18422.jpg */; };
		96CB248E1C9FF9F800949526 /* DS_18430.jpg in Resources */ = {isa = PBXBuildFile; fileRef = 96CB244D1C9FF9F800949526 /* DS_18430.jpg */; };
		96CB248F1C9FF9F800949526 /* DS_18433.jpg in Resources */ = {isa = PBXBuildFile; fileRef = 96CB244E1C9FF9F800949526 /* DS_18433.jpg */; };
		96CB24901C9FF9F800949526 /* DS_18435.jpg in Resources */ = {isa = PBXBuildFile; fileRef = 96CB244F1C9FF9F800949526 /* DS_18435.jpg */; };
		96CB24911C9FF9F800949526 /* DS_18443.jpg in Resources */ = {isa = PBXBuildFile; fileRef = 96CB24501C9FF9F800949526 /* DS_18443.jpg */; };
		96CB24921C9FF9F800949526 /* DS_18445.jpg in Resources */ = {isa = PBXBuildFile; fileRef = 96CB24511C9FF9F800949526 /* DS_18445.jpg */; };
		96CB24931C9FF9F800949526 /* DS_18446.jpg in Resources */ = {isa = PBXBuildFile; fileRef = 96CB24521C9FF9F800949526 /* DS_18446.jpg */; };
		96CB24941C9FF9F800949526 /* DS_18459.jpg in Resources */ = {isa = PBXBuildFile; fileRef = 96CB24531C9FF9F800949526 /* DS_18459.jpg */; };
		96CB24951C9FF9F800949526 /* DS_18465.jpg in Resources */ = {isa = PBXBuildFile; fileRef = 96CB24541C9FF9F800949526 /* DS_18465.jpg */; };
		96CB24961C9FF9F800949526 /* DS_18468.jpg in Resources */ = {isa = PBXBuildFile; fileRef = 96CB24551C9FF9F800949526 /* DS_18468.jpg */; };
		96CB24971C9FF9F800949526 /* DS_18469.jpg in Resources */ = {isa = PBXBuildFile; fileRef = 96CB24561C9FF9F800949526 /* DS_18469.jpg */; };
		96CB24981C9FF9F800949526 /* DS_18470.jpg in Resources */ = {isa = PBXBuildFile; fileRef = 96CB24571C9FF9F800949526 /* DS_18470.jpg */; };
		96CB24991C9FF9F800949526 /* DS_18485.jpg in Resources */ = {isa = PBXBuildFile; fileRef = 96CB24581C9FF9F800949526 /* DS_18485.jpg */; };
		96CB249A1C9FF9F800949526 /* DS_18492.jpg in Resources */ = {isa = PBXBuildFile; fileRef = 96CB24591C9FF9F800949526 /* DS_18492.jpg */; };
		96CB249B1C9FF9F800949526 /* DS_18500.jpg in Resources */ = {isa = PBXBuildFile; fileRef = 96CB245A1C9FF9F800949526 /* DS_18500.jpg */; };
		96CB249C1C9FF9F800949526 /* DS_18501.jpg in Resources */ = {isa = PBXBuildFile; fileRef = 96CB245B1C9FF9F800949526 /* DS_18501.jpg */; };
		96CB249D1C9FF9F800949526 /* DS_18509.jpg in Resources */ = {isa = PBXBuildFile; fileRef = 96CB245C1C9FF9F800949526 /* DS_18509.jpg */; };
		96CB249E1C9FF9F800949526 /* DS_18519.jpg in Resources */ = {isa = PBXBuildFile; fileRef = 96CB245D1C9FF9F800949526 /* DS_18519.jpg */; };
		96CB249F1C9FF9F800949526 /* DS_18520.jpg in Resources */ = {isa = PBXBuildFile; fileRef = 96CB245E1C9FF9F800949526 /* DS_18520.jpg */; };
		96CB24A01C9FF9F800949526 /* DS_18527.jpg in Resources */ = {isa = PBXBuildFile; fileRef = 96CB245F1C9FF9F800949526 /* DS_18527.jpg */; };
		96CB24A11C9FF9F800949526 /* DS_18530.jpg in Resources */ = {isa = PBXBuildFile; fileRef = 96CB24601C9FF9F800949526 /* DS_18530.jpg */; };
		96CB24A21C9FF9F800949526 /* DS_18532.jpg in Resources */ = {isa = PBXBuildFile; fileRef = 96CB24611C9FF9F800949526 /* DS_18532.jpg */; };
		96CB24A31C9FF9F800949526 /* DS_18540.jpg in Resources */ = {isa = PBXBuildFile; fileRef = 96CB24621C9FF9F800949526 /* DS_18540.jpg */; };
		96CB24A41C9FF9F800949526 /* DS_18563.jpg in Resources */ = {isa = PBXBuildFile; fileRef = 96CB24631C9FF9F800949526 /* DS_18563.jpg */; };
		96CB24A51C9FF9F800949526 /* DS_18565.jpg in Resources */ = {isa = PBXBuildFile; fileRef = 96CB24641C9FF9F800949526 /* DS_18565.jpg */; };
		96CB24A61C9FF9F800949526 /* DS_18567.jpg in Resources */ = {isa = PBXBuildFile; fileRef = 96CB24651C9FF9F800949526 /* DS_18567.jpg */; };
		96CB24A71C9FF9F800949526 /* DS_18573.jpg in Resources */ = {isa = PBXBuildFile; fileRef = 96CB24661C9FF9F800949526 /* DS_18573.jpg */; };
		96CB24A81C9FF9F800949526 /* DS_18574.jpg in Resources */ = {isa = PBXBuildFile; fileRef = 96CB24671C9FF9F800949526 /* DS_18574.jpg */; };
		96CB24A91C9FF9F800949526 /* DS_18575.jpg in Resources */ = {isa = PBXBuildFile; fileRef = 96CB24681C9FF9F800949526 /* DS_18575.jpg */; };
		96CB24AA1C9FF9F800949526 /* DS_18576.jpg in Resources */ = {isa = PBXBuildFile; fileRef = 96CB24691C9FF9F800949526 /* DS_18576.jpg */; };
		96CB24AB1C9FF9F800949526 /* DS_18578.jpg in Resources */ = {isa = PBXBuildFile; fileRef = 96CB246A1C9FF9F800949526 /* DS_18578.jpg */; };
		96CB24AC1C9FF9F800949526 /* DS_18584.jpg in Resources */ = {isa = PBXBuildFile; fileRef = 96CB246B1C9FF9F800949526 /* DS_18584.jpg */; };
		96CB24AD1C9FF9F800949526 /* DS_18586.jpg in Resources */ = {isa = PBXBuildFile; fileRef = 96CB246C1C9FF9F800949526 /* DS_18586.jpg */; };
		96CB24AE1C9FF9F800949526 /* DS_18590.jpg in Resources */ = {isa = PBXBuildFile; fileRef = 96CB246D1C9FF9F800949526 /* DS_18590.jpg */; };
		96CB24AF1C9FF9F800949526 /* DS_18591.jpg in Resources */ = {isa = PBXBuildFile; fileRef = 96CB246E1C9FF9F800949526 /* DS_18591.jpg */; };
		96CB24B01C9FF9F800949526 /* DS_18606.jpg in Resources */ = {isa = PBXBuildFile; fileRef = 96CB246F1C9FF9F800949526 /* DS_18606.jpg */; };
		96CB24B11C9FF9F800949526 /* DS_18608.jpg in Resources */ = {isa = PBXBuildFile; fileRef = 96CB24701C9FF9F800949526 /* DS_18608.jpg */; };
		96CB24B21C9FF9F800949526 /* DS_18621.jpg in Resources */ = {isa = PBXBuildFile; fileRef = 96CB24711C9FF9F800949526 /* DS_18621.jpg */; };
		96CB24B31C9FF9F800949526 /* DS_18627.jpg in Resources */ = {isa = PBXBuildFile; fileRef = 96CB24721C9FF9F800949526 /* DS_18627.jpg */; };
		96CB24B41C9FF9F800949526 /* DS_18640.jpg in Resources */ = {isa = PBXBuildFile; fileRef = 96CB24731C9FF9F800949526 /* DS_18640.jpg */; };
		96CB24B51C9FF9F800949526 /* DS_18646.jpg in Resources */ = {isa = PBXBuildFile; fileRef = 96CB24741C9FF9F800949526 /* DS_18646.jpg */; };
		96CB24B61C9FF9F800949526 /* DS_18650.jpg in Resources */ = {isa = PBXBuildFile; fileRef = 96CB24751C9FF9F800949526 /* DS_18650.jpg */; };
		96CB24B71C9FF9F800949526 /* DS_18684.jpg in Resources */ = {isa = PBXBuildFile; fileRef = 96CB24761C9FF9F800949526 /* DS_18684.jpg */; };
		96CB24B81C9FF9F800949526 /* DS_18698.jpg in Resources */ = {isa = PBXBuildFile; fileRef = 96CB24771C9FF9F800949526 /* DS_18698.jpg */; };
		96CB24B91C9FF9F800949526 /* DS_18699.jpg in Resources */ = {isa = PBXBuildFile; fileRef = 96CB24781C9FF9F800949526 /* DS_18699.jpg */; };
		96CB24BA1C9FF9F800949526 /* DS_18723.jpg in Resources */ = {isa = PBXBuildFile; fileRef = 96CB24791C9FF9F800949526 /* DS_18723.jpg */; };
		96CB24BB1C9FF9F800949526 /* DS_18726.jpg in Resources */ = {isa = PBXBuildFile; fileRef = 96CB247A1C9FF9F800949526 /* DS_18726.jpg */; };
		96CB24BC1C9FF9F800949526 /* DS_18736.jpg in Resources */ = {isa = PBXBuildFile; fileRef = 96CB247B1C9FF9F800949526 /* DS_18736.jpg */; };
		96CB24BD1C9FF9F800949526 /* DS_18739.jpg in Resources */ = {isa = PBXBuildFile; fileRef = 96CB247C1C9FF9F800949526 /* DS_18739.jpg */; };
		96CB24BE1C9FF9F800949526 /* DS_18760.jpg in Resources */ = {isa = PBXBuildFile; fileRef = 96CB247D1C9FF9F800949526 /* DS_18760.jpg */; };
		96CB24BF1C9FF9F800949526 /* DS_18764.jpg in Resources */ = {isa = PBXBuildFile; fileRef = 96CB247E1C9FF9F800949526 /* DS_18764.jpg */; };
		96CB24C01C9FF9F800949526 /* DS_18765.jpg in Resources */ = {isa = PBXBuildFile; fileRef = 96CB247F1C9FF9F800949526 /* DS_18765.jpg */; };
		96CB24C61CA0555200949526 /* appIcon.png in Resources */ = {isa = PBXBuildFile; fileRef = 96CB24C31CA0555200949526 /* appIcon.png */; };
		96CB24C71CA0555200949526 /* appIcon@2x.png in Resources */ = {isa = PBXBuildFile; fileRef = 96CB24C41CA0555200949526 /* appIcon@2x.png */; };
		96CB24C81CA0555200949526 /* appIcon@3x.png in Resources */ = {isa = PBXBuildFile; fileRef = 96CB24C51CA0555200949526 /* appIcon@3x.png */; };
		96CB24CB1CA055F200949526 /* appIcon@2x~ipad.png in Resources */ = {isa = PBXBuildFile; fileRef = 96CB24C91CA055F200949526 /* appIcon@2x~ipad.png */; };
		96CB24CC1CA055F200949526 /* appIcon~ipad.png in Resources */ = {isa = PBXBuildFile; fileRef = 96CB24CA1CA055F200949526 /* appIcon~ipad.png */; };
		96CB24CE1CA0578C00949526 /* appIconBig@2x.png in Resources */ = {isa = PBXBuildFile; fileRef = 96CB24CD1CA0578C00949526 /* appIconBig@2x.png */; };
		96CB24D01CA0589900949526 /* launchScreen.png in Resources */ = {isa = PBXBuildFile; fileRef = 96CB24CF1CA0589900949526 /* launchScreen.png */; };
		96CB24D51CA05AE900949526 /* Default-568h@2x.png in Resources */ = {isa = PBXBuildFile; fileRef = 96CB24D21CA05AE900949526 /* Default-568h@2x.png */; };
		96CB24D61CA05AE900949526 /* Default.png in Resources */ = {isa = PBXBuildFile; fileRef = 96CB24D31CA05AE900949526 /* Default.png */; };
		96CB24D71CA05AE900949526 /* Default@2x.png in Resources */ = {isa = PBXBuildFile; fileRef = 96CB24D41CA05AE900949526 /* Default@2x.png */; };
		96CB24E01CA05F9100949526 /* LaunchScreen~ipad.storyboard in Resources */ = {isa = PBXBuildFile; fileRef = 96CB24DE1CA05F9100949526 /* LaunchScreen~ipad.storyboard */; };
		96D44DD21CAEB0B700D7DEED /* PhoneBookTableView.m in Sources */ = {isa = PBXBuildFile; fileRef = 96D44DD11CAEB0B700D7DEED /* PhoneBookTableView.m */; };
		96D44DD51CAEC55700D7DEED /* HomeViewController.m in Sources */ = {isa = PBXBuildFile; fileRef = 96D44DD41CAEC55700D7DEED /* HomeViewController.m */; };
		96E302DA1CA7B98F002FAF82 /* PhoneBookTableViewController.m in Sources */ = {isa = PBXBuildFile; fileRef = 96E302D91CA7B98F002FAF82 /* PhoneBookTableViewController.m */; };
		96E302DF1CA7BB57002FAF82 /* DataBaseManager.m in Sources */ = {isa = PBXBuildFile; fileRef = 96E302DE1CA7BB57002FAF82 /* DataBaseManager.m */; };
		96E302E31CA7BF32002FAF82 /* StoreData.m in Sources */ = {isa = PBXBuildFile; fileRef = 96E302E21CA7BF32002FAF82 /* StoreData.m */; };
		96E751401CAA51DC00A62F1A /* AddStoreDialogView.m in Sources */ = {isa = PBXBuildFile; fileRef = 96E7513F1CAA51DC00A62F1A /* AddStoreDialogView.m */; };
		96EB9D5F1C9C18FB006E9222 /* 一家餐廳.jpg in Resources */ = {isa = PBXBuildFile; fileRef = 96EB9D5D1C9C18FB006E9222 /* 一家餐廳.jpg */; };
		96EB9D601C9C18FB006E9222 /* 儷宴會館.jpg in Resources */ = {isa = PBXBuildFile; fileRef = 96EB9D5E1C9C18FB006E9222 /* 儷宴會館.jpg */; };
/* End PBXBuildFile section */

/* Begin PBXContainerItemProxy section */
		9685979C1C9C0634003E9D96 /* PBXContainerItemProxy */ = {
			isa = PBXContainerItemProxy;
			containerPortal = 9685977A1C9C0634003E9D96 /* Project object */;
			proxyType = 1;
			remoteGlobalIDString = 968597811C9C0634003E9D96;
			remoteInfo = MinnieJasonWedding;
		};
		968597A71C9C0634003E9D96 /* PBXContainerItemProxy */ = {
			isa = PBXContainerItemProxy;
			containerPortal = 9685977A1C9C0634003E9D96 /* Project object */;
			proxyType = 1;
			remoteGlobalIDString = 968597811C9C0634003E9D96;
			remoteInfo = MinnieJasonWedding;
		};
/* End PBXContainerItemProxy section */

/* Begin PBXFileReference section */
		336FA3EFD9CBFB94A9BA32EE /* libPods-MinnieJasonWedding.a */ = {isa = PBXFileReference; explicitFileType = archive.ar; includeInIndex = 0; path = "libPods-MinnieJasonWedding.a"; sourceTree = BUILT_PRODUCTS_DIR; };
		50F425038A214AE0346ADF83 /* Pods-MinnieJasonWedding.debug.xcconfig */ = {isa = PBXFileReference; includeInIndex = 1; lastKnownFileType = text.xcconfig; name = "Pods-MinnieJasonWedding.debug.xcconfig"; path = "Pods/Target Support Files/Pods-MinnieJasonWedding/Pods-MinnieJasonWedding.debug.xcconfig"; sourceTree = "<group>"; };
		9030F55F0FD8385050D449F2 /* Pods-MinnieJasonWedding.release.xcconfig */ = {isa = PBXFileReference; includeInIndex = 1; lastKnownFileType = text.xcconfig; name = "Pods-MinnieJasonWedding.release.xcconfig"; path = "Pods/Target Support Files/Pods-MinnieJasonWedding/Pods-MinnieJasonWedding.release.xcconfig"; sourceTree = "<group>"; };
		964A61C01CA822A7004D9B7C /* PhoneBookTableViewCell.h */ = {isa = PBXFileReference; fileEncoding = 4; lastKnownFileType = sourcecode.c.h; path = PhoneBookTableViewCell.h; sourceTree = "<group>"; };
		964A61C11CA822A7004D9B7C /* PhoneBookTableViewCell.m */ = {isa = PBXFileReference; fileEncoding = 4; lastKnownFileType = sourcecode.c.objc; path = PhoneBookTableViewCell.m; sourceTree = "<group>"; };
		967B0E601C9FDE440010C612 /* PhotoBrowserViewController.h */ = {isa = PBXFileReference; fileEncoding = 4; lastKnownFileType = sourcecode.c.h; name = PhotoBrowserViewController.h; path = ViewController/PhotoBrowserViewController.h; sourceTree = SOURCE_ROOT; };
		967B0E611C9FDE440010C612 /* PhotoBrowserViewController.m */ = {isa = PBXFileReference; fileEncoding = 4; lastKnownFileType = sourcecode.c.objc; name = PhotoBrowserViewController.m; path = ViewController/PhotoBrowserViewController.m; sourceTree = SOURCE_ROOT; };
		968597821C9C0634003E9D96 /* MinnieJasonWedding.app */ = {isa = PBXFileReference; explicitFileType = wrapper.application; includeInIndex = 0; path = MinnieJasonWedding.app; sourceTree = BUILT_PRODUCTS_DIR; };
		968597861C9C0634003E9D96 /* main.m */ = {isa = PBXFileReference; lastKnownFileType = sourcecode.c.objc; path = main.m; sourceTree = "<group>"; };
		968597881C9C0634003E9D96 /* AppDelegate.h */ = {isa = PBXFileReference; lastKnownFileType = sourcecode.c.h; path = AppDelegate.h; sourceTree = "<group>"; };
		968597891C9C0634003E9D96 /* AppDelegate.m */ = {isa = PBXFileReference; lastKnownFileType = sourcecode.c.objc; path = AppDelegate.m; sourceTree = "<group>"; };
		9685978B1C9C0634003E9D96 /* ViewController.h */ = {isa = PBXFileReference; lastKnownFileType = sourcecode.c.h; path = ViewController.h; sourceTree = "<group>"; };
		9685978C1C9C0634003E9D96 /* ViewController.m */ = {isa = PBXFileReference; lastKnownFileType = sourcecode.c.objc; path = ViewController.m; sourceTree = "<group>"; };
		9685978F1C9C0634003E9D96 /* Base */ = {isa = PBXFileReference; lastKnownFileType = file.storyboard; name = Base; path = Base.lproj/Main.storyboard; sourceTree = "<group>"; };
		968597911C9C0634003E9D96 /* Assets.xcassets */ = {isa = PBXFileReference; lastKnownFileType = folder.assetcatalog; path = Assets.xcassets; sourceTree = "<group>"; };
		968597941C9C0634003E9D96 /* Base */ = {isa = PBXFileReference; lastKnownFileType = file.storyboard; name = Base; path = Base.lproj/LaunchScreen.storyboard; sourceTree = "<group>"; };
		968597961C9C0634003E9D96 /* Info.plist */ = {isa = PBXFileReference; lastKnownFileType = text.plist.xml; path = Info.plist; sourceTree = "<group>"; };
		9685979B1C9C0634003E9D96 /* MinnieJasonWeddingTests.xctest */ = {isa = PBXFileReference; explicitFileType = wrapper.cfbundle; includeInIndex = 0; path = MinnieJasonWeddingTests.xctest; sourceTree = BUILT_PRODUCTS_DIR; };
		9685979F1C9C0634003E9D96 /* MinnieJasonWeddingTests.m */ = {isa = PBXFileReference; lastKnownFileType = sourcecode.c.objc; path = MinnieJasonWeddingTests.m; sourceTree = "<group>"; };
		968597A11C9C0634003E9D96 /* Info.plist */ = {isa = PBXFileReference; lastKnownFileType = text.plist.xml; path = Info.plist; sourceTree = "<group>"; };
		968597A61C9C0634003E9D96 /* MinnieJasonWeddingUITests.xctest */ = {isa = PBXFileReference; explicitFileType = wrapper.cfbundle; includeInIndex = 0; path = MinnieJasonWeddingUITests.xctest; sourceTree = BUILT_PRODUCTS_DIR; };
		968597AA1C9C0634003E9D96 /* MinnieJasonWeddingUITests.m */ = {isa = PBXFileReference; lastKnownFileType = sourcecode.c.objc; path = MinnieJasonWeddingUITests.m; sourceTree = "<group>"; };
		968597AC1C9C0634003E9D96 /* Info.plist */ = {isa = PBXFileReference; lastKnownFileType = text.plist.xml; path = Info.plist; sourceTree = "<group>"; };
		96CB243C1C9FF43100949526 /* PhotoBrowser */ = {isa = PBXFileReference; lastKnownFileType = folder; path = PhotoBrowser; sourceTree = "<group>"; };
		96CB243F1C9FF9F800949526 /* DS_18327.jpg */ = {isa = PBXFileReference; lastKnownFileType = image.jpeg; path = DS_18327.jpg; sourceTree = "<group>"; };
		96CB24401C9FF9F800949526 /* DS_18334.jpg */ = {isa = PBXFileReference; lastKnownFileType = image.jpeg; path = DS_18334.jpg; sourceTree = "<group>"; };
		96CB24411C9FF9F800949526 /* DS_18336.jpg */ = {isa = PBXFileReference; lastKnownFileType = image.jpeg; path = DS_18336.jpg; sourceTree = "<group>"; };
		96CB24421C9FF9F800949526 /* DS_18337.jpg */ = {isa = PBXFileReference; lastKnownFileType = image.jpeg; path = DS_18337.jpg; sourceTree = "<group>"; };
		96CB24431C9FF9F800949526 /* DS_18357.jpg */ = {isa = PBXFileReference; lastKnownFileType = image.jpeg; path = DS_18357.jpg; sourceTree = "<group>"; };
		96CB24441C9FF9F800949526 /* DS_18358.jpg */ = {isa = PBXFileReference; lastKnownFileType = image.jpeg; path = DS_18358.jpg; sourceTree = "<group>"; };
		96CB24451C9FF9F800949526 /* DS_18362.jpg */ = {isa = PBXFileReference; lastKnownFileType = image.jpeg; path = DS_18362.jpg; sourceTree = "<group>"; };
		96CB24461C9FF9F800949526 /* DS_18365.jpg */ = {isa = PBXFileReference; lastKnownFileType = image.jpeg; path = DS_18365.jpg; sourceTree = "<group>"; };
		96CB24471C9FF9F800949526 /* DS_18372.jpg */ = {isa = PBXFileReference; lastKnownFileType = image.jpeg; path = DS_18372.jpg; sourceTree = "<group>"; };
		96CB24481C9FF9F800949526 /* DS_18376.jpg */ = {isa = PBXFileReference; lastKnownFileType = image.jpeg; path = DS_18376.jpg; sourceTree = "<group>"; };
		96CB24491C9FF9F800949526 /* DS_18380.jpg */ = {isa = PBXFileReference; lastKnownFileType = image.jpeg; path = DS_18380.jpg; sourceTree = "<group>"; };
		96CB244A1C9FF9F800949526 /* DS_18413.jpg */ = {isa = PBXFileReference; lastKnownFileType = image.jpeg; path = DS_18413.jpg; sourceTree = "<group>"; };
		96CB244B1C9FF9F800949526 /* DS_18415.jpg */ = {isa = PBXFileReference; lastKnownFileType = image.jpeg; path = DS_18415.jpg; sourceTree = "<group>"; };
		96CB244C1C9FF9F800949526 /* DS_18422.jpg */ = {isa = PBXFileReference; lastKnownFileType = image.jpeg; path = DS_18422.jpg; sourceTree = "<group>"; };
		96CB244D1C9FF9F800949526 /* DS_18430.jpg */ = {isa = PBXFileReference; lastKnownFileType = image.jpeg; path = DS_18430.jpg; sourceTree = "<group>"; };
		96CB244E1C9FF9F800949526 /* DS_18433.jpg */ = {isa = PBXFileReference; lastKnownFileType = image.jpeg; path = DS_18433.jpg; sourceTree = "<group>"; };
		96CB244F1C9FF9F800949526 /* DS_18435.jpg */ = {isa = PBXFileReference; lastKnownFileType = image.jpeg; path = DS_18435.jpg; sourceTree = "<group>"; };
		96CB24501C9FF9F800949526 /* DS_18443.jpg */ = {isa = PBXFileReference; lastKnownFileType = image.jpeg; path = DS_18443.jpg; sourceTree = "<group>"; };
		96CB24511C9FF9F800949526 /* DS_18445.jpg */ = {isa = PBXFileReference; lastKnownFileType = image.jpeg; path = DS_18445.jpg; sourceTree = "<group>"; };
		96CB24521C9FF9F800949526 /* DS_18446.jpg */ = {isa = PBXFileReference; lastKnownFileType = image.jpeg; path = DS_18446.jpg; sourceTree = "<group>"; };
		96CB24531C9FF9F800949526 /* DS_18459.jpg */ = {isa = PBXFileReference; lastKnownFileType = image.jpeg; path = DS_18459.jpg; sourceTree = "<group>"; };
		96CB24541C9FF9F800949526 /* DS_18465.jpg */ = {isa = PBXFileReference; lastKnownFileType = image.jpeg; path = DS_18465.jpg; sourceTree = "<group>"; };
		96CB24551C9FF9F800949526 /* DS_18468.jpg */ = {isa = PBXFileReference; lastKnownFileType = image.jpeg; path = DS_18468.jpg; sourceTree = "<group>"; };
		96CB24561C9FF9F800949526 /* DS_18469.jpg */ = {isa = PBXFileReference; lastKnownFileType = image.jpeg; path = DS_18469.jpg; sourceTree = "<group>"; };
		96CB24571C9FF9F800949526 /* DS_18470.jpg */ = {isa = PBXFileReference; lastKnownFileType = image.jpeg; path = DS_18470.jpg; sourceTree = "<group>"; };
		96CB24581C9FF9F800949526 /* DS_18485.jpg */ = {isa = PBXFileReference; lastKnownFileType = image.jpeg; path = DS_18485.jpg; sourceTree = "<group>"; };
		96CB24591C9FF9F800949526 /* DS_18492.jpg */ = {isa = PBXFileReference; lastKnownFileType = image.jpeg; path = DS_18492.jpg; sourceTree = "<group>"; };
		96CB245A1C9FF9F800949526 /* DS_18500.jpg */ = {isa = PBXFileReference; lastKnownFileType = image.jpeg; path = DS_18500.jpg; sourceTree = "<group>"; };
		96CB245B1C9FF9F800949526 /* DS_18501.jpg */ = {isa = PBXFileReference; lastKnownFileType = image.jpeg; path = DS_18501.jpg; sourceTree = "<group>"; };
		96CB245C1C9FF9F800949526 /* DS_18509.jpg */ = {isa = PBXFileReference; lastKnownFileType = image.jpeg; path = DS_18509.jpg; sourceTree = "<group>"; };
		96CB245D1C9FF9F800949526 /* DS_18519.jpg */ = {isa = PBXFileReference; lastKnownFileType = image.jpeg; path = DS_18519.jpg; sourceTree = "<group>"; };
		96CB245E1C9FF9F800949526 /* DS_18520.jpg */ = {isa = PBXFileReference; lastKnownFileType = image.jpeg; path = DS_18520.jpg; sourceTree = "<group>"; };
		96CB245F1C9FF9F800949526 /* DS_18527.jpg */ = {isa = PBXFileReference; lastKnownFileType = image.jpeg; path = DS_18527.jpg; sourceTree = "<group>"; };
		96CB24601C9FF9F800949526 /* DS_18530.jpg */ = {isa = PBXFileReference; lastKnownFileType = image.jpeg; path = DS_18530.jpg; sourceTree = "<group>"; };
		96CB24611C9FF9F800949526 /* DS_18532.jpg */ = {isa = PBXFileReference; lastKnownFileType = image.jpeg; path = DS_18532.jpg; sourceTree = "<group>"; };
		96CB24621C9FF9F800949526 /* DS_18540.jpg */ = {isa = PBXFileReference; lastKnownFileType = image.jpeg; path = DS_18540.jpg; sourceTree = "<group>"; };
		96CB24631C9FF9F800949526 /* DS_18563.jpg */ = {isa = PBXFileReference; lastKnownFileType = image.jpeg; path = DS_18563.jpg; sourceTree = "<group>"; };
		96CB24641C9FF9F800949526 /* DS_18565.jpg */ = {isa = PBXFileReference; lastKnownFileType = image.jpeg; path = DS_18565.jpg; sourceTree = "<group>"; };
		96CB24651C9FF9F800949526 /* DS_18567.jpg */ = {isa = PBXFileReference; lastKnownFileType = image.jpeg; path = DS_18567.jpg; sourceTree = "<group>"; };
		96CB24661C9FF9F800949526 /* DS_18573.jpg */ = {isa = PBXFileReference; lastKnownFileType = image.jpeg; path = DS_18573.jpg; sourceTree = "<group>"; };
		96CB24671C9FF9F800949526 /* DS_18574.jpg */ = {isa = PBXFileReference; lastKnownFileType = image.jpeg; path = DS_18574.jpg; sourceTree = "<group>"; };
		96CB24681C9FF9F800949526 /* DS_18575.jpg */ = {isa = PBXFileReference; lastKnownFileType = image.jpeg; path = DS_18575.jpg; sourceTree = "<group>"; };
		96CB24691C9FF9F800949526 /* DS_18576.jpg */ = {isa = PBXFileReference; lastKnownFileType = image.jpeg; path = DS_18576.jpg; sourceTree = "<group>"; };
		96CB246A1C9FF9F800949526 /* DS_18578.jpg */ = {isa = PBXFileReference; lastKnownFileType = image.jpeg; path = DS_18578.jpg; sourceTree = "<group>"; };
		96CB246B1C9FF9F800949526 /* DS_18584.jpg */ = {isa = PBXFileReference; lastKnownFileType = image.jpeg; path = DS_18584.jpg; sourceTree = "<group>"; };
		96CB246C1C9FF9F800949526 /* DS_18586.jpg */ = {isa = PBXFileReference; lastKnownFileType = image.jpeg; path = DS_18586.jpg; sourceTree = "<group>"; };
		96CB246D1C9FF9F800949526 /* DS_18590.jpg */ = {isa = PBXFileReference; lastKnownFileType = image.jpeg; path = DS_18590.jpg; sourceTree = "<group>"; };
		96CB246E1C9FF9F800949526 /* DS_18591.jpg */ = {isa = PBXFileReference; lastKnownFileType = image.jpeg; path = DS_18591.jpg; sourceTree = "<group>"; };
		96CB246F1C9FF9F800949526 /* DS_18606.jpg */ = {isa = PBXFileReference; lastKnownFileType = image.jpeg; path = DS_18606.jpg; sourceTree = "<group>"; };
		96CB24701C9FF9F800949526 /* DS_18608.jpg */ = {isa = PBXFileReference; lastKnownFileType = image.jpeg; path = DS_18608.jpg; sourceTree = "<group>"; };
		96CB24711C9FF9F800949526 /* DS_18621.jpg */ = {isa = PBXFileReference; lastKnownFileType = image.jpeg; path = DS_18621.jpg; sourceTree = "<group>"; };
		96CB24721C9FF9F800949526 /* DS_18627.jpg */ = {isa = PBXFileReference; lastKnownFileType = image.jpeg; path = DS_18627.jpg; sourceTree = "<group>"; };
		96CB24731C9FF9F800949526 /* DS_18640.jpg */ = {isa = PBXFileReference; lastKnownFileType = image.jpeg; path = DS_18640.jpg; sourceTree = "<group>"; };
		96CB24741C9FF9F800949526 /* DS_18646.jpg */ = {isa = PBXFileReference; lastKnownFileType = image.jpeg; path = DS_18646.jpg; sourceTree = "<group>"; };
		96CB24751C9FF9F800949526 /* DS_18650.jpg */ = {isa = PBXFileReference; lastKnownFileType = image.jpeg; path = DS_18650.jpg; sourceTree = "<group>"; };
		96CB24761C9FF9F800949526 /* DS_18684.jpg */ = {isa = PBXFileReference; lastKnownFileType = image.jpeg; path = DS_18684.jpg; sourceTree = "<group>"; };
		96CB24771C9FF9F800949526 /* DS_18698.jpg */ = {isa = PBXFileReference; lastKnownFileType = image.jpeg; path = DS_18698.jpg; sourceTree = "<group>"; };
		96CB24781C9FF9F800949526 /* DS_18699.jpg */ = {isa = PBXFileReference; lastKnownFileType = image.jpeg; path = DS_18699.jpg; sourceTree = "<group>"; };
		96CB24791C9FF9F800949526 /* DS_18723.jpg */ = {isa = PBXFileReference; lastKnownFileType = image.jpeg; path = DS_18723.jpg; sourceTree = "<group>"; };
		96CB247A1C9FF9F800949526 /* DS_18726.jpg */ = {isa = PBXFileReference; lastKnownFileType = image.jpeg; path = DS_18726.jpg; sourceTree = "<group>"; };
		96CB247B1C9FF9F800949526 /* DS_18736.jpg */ = {isa = PBXFileReference; lastKnownFileType = image.jpeg; path = DS_18736.jpg; sourceTree = "<group>"; };
		96CB247C1C9FF9F800949526 /* DS_18739.jpg */ = {isa = PBXFileReference; lastKnownFileType = image.jpeg; path = DS_18739.jpg; sourceTree = "<group>"; };
		96CB247D1C9FF9F800949526 /* DS_18760.jpg */ = {isa = PBXFileReference; lastKnownFileType = image.jpeg; path = DS_18760.jpg; sourceTree = "<group>"; };
		96CB247E1C9FF9F800949526 /* DS_18764.jpg */ = {isa = PBXFileReference; lastKnownFileType = image.jpeg; path = DS_18764.jpg; sourceTree = "<group>"; };
		96CB247F1C9FF9F800949526 /* DS_18765.jpg */ = {isa = PBXFileReference; lastKnownFileType = image.jpeg; path = DS_18765.jpg; sourceTree = "<group>"; };
		96CB24C31CA0555200949526 /* appIcon.png */ = {isa = PBXFileReference; lastKnownFileType = image.png; path = appIcon.png; sourceTree = "<group>"; };
		96CB24C41CA0555200949526 /* appIcon@2x.png */ = {isa = PBXFileReference; lastKnownFileType = image.png; path = "appIcon@2x.png"; sourceTree = "<group>"; };
		96CB24C51CA0555200949526 /* appIcon@3x.png */ = {isa = PBXFileReference; lastKnownFileType = image.png; path = "appIcon@3x.png"; sourceTree = "<group>"; };
		96CB24C91CA055F200949526 /* appIcon@2x~ipad.png */ = {isa = PBXFileReference; lastKnownFileType = image.png; path = "appIcon@2x~ipad.png"; sourceTree = "<group>"; };
		96CB24CA1CA055F200949526 /* appIcon~ipad.png */ = {isa = PBXFileReference; lastKnownFileType = image.png; path = "appIcon~ipad.png"; sourceTree = "<group>"; };
		96CB24CD1CA0578C00949526 /* appIconBig@2x.png */ = {isa = PBXFileReference; lastKnownFileType = image.png; path = "appIconBig@2x.png"; sourceTree = "<group>"; };
		96CB24CF1CA0589900949526 /* launchScreen.png */ = {isa = PBXFileReference; lastKnownFileType = image.png; path = launchScreen.png; sourceTree = "<group>"; };
		96CB24D21CA05AE900949526 /* Default-568h@2x.png */ = {isa = PBXFileReference; lastKnownFileType = image.png; path = "Default-568h@2x.png"; sourceTree = "<group>"; };
		96CB24D31CA05AE900949526 /* Default.png */ = {isa = PBXFileReference; lastKnownFileType = image.png; path = Default.png; sourceTree = "<group>"; };
		96CB24D41CA05AE900949526 /* Default@2x.png */ = {isa = PBXFileReference; lastKnownFileType = image.png; path = "Default@2x.png"; sourceTree = "<group>"; };
		96CB24DF1CA05F9100949526 /* Base */ = {isa = PBXFileReference; lastKnownFileType = file.storyboard; name = Base; path = "Base.lproj/LaunchScreen~ipad.storyboard"; sourceTree = "<group>"; };
		96D44DD01CAEB0B700D7DEED /* PhoneBookTableView.h */ = {isa = PBXFileReference; fileEncoding = 4; lastKnownFileType = sourcecode.c.h; path = PhoneBookTableView.h; sourceTree = "<group>"; };
		96D44DD11CAEB0B700D7DEED /* PhoneBookTableView.m */ = {isa = PBXFileReference; fileEncoding = 4; lastKnownFileType = sourcecode.c.objc; path = PhoneBookTableView.m; sourceTree = "<group>"; };
		96D44DD31CAEC55700D7DEED /* HomeViewController.h */ = {isa = PBXFileReference; fileEncoding = 4; lastKnownFileType = sourcecode.c.h; name = HomeViewController.h; path = ViewController/HomeViewController.h; sourceTree = SOURCE_ROOT; };
		96D44DD41CAEC55700D7DEED /* HomeViewController.m */ = {isa = PBXFileReference; fileEncoding = 4; lastKnownFileType = sourcecode.c.objc; name = HomeViewController.m; path = ViewController/HomeViewController.m; sourceTree = SOURCE_ROOT; };
		96E302D81CA7B98F002FAF82 /* PhoneBookTableViewController.h */ = {isa = PBXFileReference; fileEncoding = 4; lastKnownFileType = sourcecode.c.h; name = PhoneBookTableViewController.h; path = ViewController/PhoneBookTableViewController.h; sourceTree = SOURCE_ROOT; };
		96E302D91CA7B98F002FAF82 /* PhoneBookTableViewController.m */ = {isa = PBXFileReference; fileEncoding = 4; lastKnownFileType = sourcecode.c.objc; name = PhoneBookTableViewController.m; path = ViewController/PhoneBookTableViewController.m; sourceTree = SOURCE_ROOT; };
		96E302DD1CA7BB57002FAF82 /* DataBaseManager.h */ = {isa = PBXFileReference; fileEncoding = 4; lastKnownFileType = sourcecode.c.h; path = DataBaseManager.h; sourceTree = "<group>"; };
		96E302DE1CA7BB57002FAF82 /* DataBaseManager.m */ = {isa = PBXFileReference; fileEncoding = 4; lastKnownFileType = sourcecode.c.objc; path = DataBaseManager.m; sourceTree = "<group>"; };
		96E302E11CA7BF32002FAF82 /* StoreData.h */ = {isa = PBXFileReference; fileEncoding = 4; lastKnownFileType = sourcecode.c.h; path = StoreData.h; sourceTree = "<group>"; };
		96E302E21CA7BF32002FAF82 /* StoreData.m */ = {isa = PBXFileReference; fileEncoding = 4; lastKnownFileType = sourcecode.c.objc; path = StoreData.m; sourceTree = "<group>"; };
		96E7513E1CAA51DC00A62F1A /* AddStoreDialogView.h */ = {isa = PBXFileReference; fileEncoding = 4; lastKnownFileType = sourcecode.c.h; path = AddStoreDialogView.h; sourceTree = "<group>"; };
		96E7513F1CAA51DC00A62F1A /* AddStoreDialogView.m */ = {isa = PBXFileReference; fileEncoding = 4; lastKnownFileType = sourcecode.c.objc; path = AddStoreDialogView.m; sourceTree = "<group>"; };
		96EB9D5D1C9C18FB006E9222 /* 一家餐廳.jpg */ = {isa = PBXFileReference; lastKnownFileType = image.jpeg; path = "一家餐廳.jpg"; sourceTree = "<group>"; };
		96EB9D5E1C9C18FB006E9222 /* 儷宴會館.jpg */ = {isa = PBXFileReference; lastKnownFileType = image.jpeg; path = "儷宴會館.jpg"; sourceTree = "<group>"; };
/* End PBXFileReference section */

/* Begin PBXFrameworksBuildPhase section */
		9685977F1C9C0634003E9D96 /* Frameworks */ = {
			isa = PBXFrameworksBuildPhase;
			buildActionMask = 2147483647;
			files = (
				2492989FB55827D890F5958C /* libPods-MinnieJasonWedding.a in Frameworks */,
			);
			runOnlyForDeploymentPostprocessing = 0;
		};
		968597981C9C0634003E9D96 /* Frameworks */ = {
			isa = PBXFrameworksBuildPhase;
			buildActionMask = 2147483647;
			files = (
			);
			runOnlyForDeploymentPostprocessing = 0;
		};
		968597A31C9C0634003E9D96 /* Frameworks */ = {
			isa = PBXFrameworksBuildPhase;
			buildActionMask = 2147483647;
			files = (
			);
			runOnlyForDeploymentPostprocessing = 0;
		};
/* End PBXFrameworksBuildPhase section */

/* Begin PBXGroup section */
		721F1E1091E72A936121CEBC /* Frameworks */ = {
			isa = PBXGroup;
			children = (
				336FA3EFD9CBFB94A9BA32EE /* libPods-MinnieJasonWedding.a */,
			);
			name = Frameworks;
			sourceTree = "<group>";
		};
		964A61BF1CA8224E004D9B7C /* Cell */ = {
			isa = PBXGroup;
			children = (
				964A61C01CA822A7004D9B7C /* PhoneBookTableViewCell.h */,
				964A61C11CA822A7004D9B7C /* PhoneBookTableViewCell.m */,
			);
			name = Cell;
			sourceTree = "<group>";
		};
		967B0E5F1C9FDE0E0010C612 /* ViewController */ = {
			isa = PBXGroup;
			children = (
				967B0E601C9FDE440010C612 /* PhotoBrowserViewController.h */,
				967B0E611C9FDE440010C612 /* PhotoBrowserViewController.m */,
				96E302D81CA7B98F002FAF82 /* PhoneBookTableViewController.h */,
				96E302D91CA7B98F002FAF82 /* PhoneBookTableViewController.m */,
				96D44DD31CAEC55700D7DEED /* HomeViewController.h */,
				96D44DD41CAEC55700D7DEED /* HomeViewController.m */,
			);
			name = ViewController;
			sourceTree = "<group>";
		};
		968597791C9C0634003E9D96 = {
			isa = PBXGroup;
			children = (
				968597841C9C0634003E9D96 /* MinnieJasonWedding */,
				9685979E1C9C0634003E9D96 /* MinnieJasonWeddingTests */,
				968597A91C9C0634003E9D96 /* MinnieJasonWeddingUITests */,
				968597831C9C0634003E9D96 /* Products */,
				E5EFEEB028CFCE9679B3C3CD /* Pods */,
				721F1E1091E72A936121CEBC /* Frameworks */,
			);
			sourceTree = "<group>";
		};
		968597831C9C0634003E9D96 /* Products */ = {
			isa = PBXGroup;
			children = (
				968597821C9C0634003E9D96 /* MinnieJasonWedding.app */,
				9685979B1C9C0634003E9D96 /* MinnieJasonWeddingTests.xctest */,
				968597A61C9C0634003E9D96 /* MinnieJasonWeddingUITests.xctest */,
			);
			name = Products;
			sourceTree = "<group>";
		};
		968597841C9C0634003E9D96 /* MinnieJasonWedding */ = {
			isa = PBXGroup;
			children = (
				964A61BF1CA8224E004D9B7C /* Cell */,
				96E302DC1CA7BB20002FAF82 /* DataBase */,
				96CB24D11CA05AE900949526 /* Resource */,
				96E7513D1CAA518C00A62F1A /* ViewComponent */,
				967B0E5F1C9FDE0E0010C612 /* ViewController */,
				96EB9D5C1C9C18FB006E9222 /* image */,
				968597881C9C0634003E9D96 /* AppDelegate.h */,
				968597891C9C0634003E9D96 /* AppDelegate.m */,
				9685978B1C9C0634003E9D96 /* ViewController.h */,
				9685978C1C9C0634003E9D96 /* ViewController.m */,
				9685978E1C9C0634003E9D96 /* Main.storyboard */,
				96D71B741CAC0C41006C119E /* Main~ipad.storyboard */,
				968597911C9C0634003E9D96 /* Assets.xcassets */,
				968597931C9C0634003E9D96 /* LaunchScreen.storyboard */,
				96CB24DE1CA05F9100949526 /* LaunchScreen~ipad.storyboard */,
				968597961C9C0634003E9D96 /* Info.plist */,
				968597851C9C0634003E9D96 /* Supporting Files */,
			);
			path = MinnieJasonWedding;
			sourceTree = "<group>";
		};
		968597851C9C0634003E9D96 /* Supporting Files */ = {
			isa = PBXGroup;
			children = (
				968597861C9C0634003E9D96 /* main.m */,
			);
			name = "Supporting Files";
			sourceTree = "<group>";
		};
		9685979E1C9C0634003E9D96 /* MinnieJasonWeddingTests */ = {
			isa = PBXGroup;
			children = (
				9685979F1C9C0634003E9D96 /* MinnieJasonWeddingTests.m */,
				968597A11C9C0634003E9D96 /* Info.plist */,
			);
			path = MinnieJasonWeddingTests;
			sourceTree = "<group>";
		};
		968597A91C9C0634003E9D96 /* MinnieJasonWeddingUITests */ = {
			isa = PBXGroup;
			children = (
				968597AA1C9C0634003E9D96 /* MinnieJasonWeddingUITests.m */,
				968597AC1C9C0634003E9D96 /* Info.plist */,
			);
			path = MinnieJasonWeddingUITests;
			sourceTree = "<group>";
		};
		96CB243E1C9FF9F800949526 /* PhotoBrowser */ = {
			isa = PBXGroup;
			children = (
				96CB243F1C9FF9F800949526 /* DS_18327.jpg */,
				96CB24401C9FF9F800949526 /* DS_18334.jpg */,
				96CB24411C9FF9F800949526 /* DS_18336.jpg */,
				96CB24421C9FF9F800949526 /* DS_18337.jpg */,
				96CB24431C9FF9F800949526 /* DS_18357.jpg */,
				96CB24441C9FF9F800949526 /* DS_18358.jpg */,
				96CB24451C9FF9F800949526 /* DS_18362.jpg */,
				96CB24461C9FF9F800949526 /* DS_18365.jpg */,
				96CB24471C9FF9F800949526 /* DS_18372.jpg */,
				96CB24481C9FF9F800949526 /* DS_18376.jpg */,
				96CB24491C9FF9F800949526 /* DS_18380.jpg */,
				96CB244A1C9FF9F800949526 /* DS_18413.jpg */,
				96CB244B1C9FF9F800949526 /* DS_18415.jpg */,
				96CB244C1C9FF9F800949526 /* DS_18422.jpg */,
				96CB244D1C9FF9F800949526 /* DS_18430.jpg */,
				96CB244E1C9FF9F800949526 /* DS_18433.jpg */,
				96CB244F1C9FF9F800949526 /* DS_18435.jpg */,
				96CB24501C9FF9F800949526 /* DS_18443.jpg */,
				96CB24511C9FF9F800949526 /* DS_18445.jpg */,
				96CB24521C9FF9F800949526 /* DS_18446.jpg */,
				96CB24531C9FF9F800949526 /* DS_18459.jpg */,
				96CB24541C9FF9F800949526 /* DS_18465.jpg */,
				96CB24551C9FF9F800949526 /* DS_18468.jpg */,
				96CB24561C9FF9F800949526 /* DS_18469.jpg */,
				96CB24571C9FF9F800949526 /* DS_18470.jpg */,
				96CB24581C9FF9F800949526 /* DS_18485.jpg */,
				96CB24591C9FF9F800949526 /* DS_18492.jpg */,
				96CB245A1C9FF9F800949526 /* DS_18500.jpg */,
				96CB245B1C9FF9F800949526 /* DS_18501.jpg */,
				96CB245C1C9FF9F800949526 /* DS_18509.jpg */,
				96CB245D1C9FF9F800949526 /* DS_18519.jpg */,
				96CB245E1C9FF9F800949526 /* DS_18520.jpg */,
				96CB245F1C9FF9F800949526 /* DS_18527.jpg */,
				96CB24601C9FF9F800949526 /* DS_18530.jpg */,
				96CB24611C9FF9F800949526 /* DS_18532.jpg */,
				96CB24621C9FF9F800949526 /* DS_18540.jpg */,
				96CB24631C9FF9F800949526 /* DS_18563.jpg */,
				96CB24641C9FF9F800949526 /* DS_18565.jpg */,
				96CB24651C9FF9F800949526 /* DS_18567.jpg */,
				96CB24661C9FF9F800949526 /* DS_18573.jpg */,
				96CB24671C9FF9F800949526 /* DS_18574.jpg */,
				96CB24681C9FF9F800949526 /* DS_18575.jpg */,
				96CB24691C9FF9F800949526 /* DS_18576.jpg */,
				96CB246A1C9FF9F800949526 /* DS_18578.jpg */,
				96CB246B1C9FF9F800949526 /* DS_18584.jpg */,
				96CB246C1C9FF9F800949526 /* DS_18586.jpg */,
				96CB246D1C9FF9F800949526 /* DS_18590.jpg */,
				96CB246E1C9FF9F800949526 /* DS_18591.jpg */,
				96CB246F1C9FF9F800949526 /* DS_18606.jpg */,
				96CB24701C9FF9F800949526 /* DS_18608.jpg */,
				96CB24711C9FF9F800949526 /* DS_18621.jpg */,
				96CB24721C9FF9F800949526 /* DS_18627.jpg */,
				96CB24731C9FF9F800949526 /* DS_18640.jpg */,
				96CB24741C9FF9F800949526 /* DS_18646.jpg */,
				96CB24751C9FF9F800949526 /* DS_18650.jpg */,
				96CB24761C9FF9F800949526 /* DS_18684.jpg */,
				96CB24771C9FF9F800949526 /* DS_18698.jpg */,
				96CB24781C9FF9F800949526 /* DS_18699.jpg */,
				96CB24791C9FF9F800949526 /* DS_18723.jpg */,
				96CB247A1C9FF9F800949526 /* DS_18726.jpg */,
				96CB247B1C9FF9F800949526 /* DS_18736.jpg */,
				96CB247C1C9FF9F800949526 /* DS_18739.jpg */,
				96CB247D1C9FF9F800949526 /* DS_18760.jpg */,
				96CB247E1C9FF9F800949526 /* DS_18764.jpg */,
				96CB247F1C9FF9F800949526 /* DS_18765.jpg */,
			);
			path = PhotoBrowser;
			sourceTree = "<group>";
		};
		96CB24D11CA05AE900949526 /* Resource */ = {
			isa = PBXGroup;
			children = (
				96CB24D21CA05AE900949526 /* Default-568h@2x.png */,
				96CB24D31CA05AE900949526 /* Default.png */,
				96CB24D41CA05AE900949526 /* Default@2x.png */,
			);
			path = Resource;
			sourceTree = "<group>";
		};
		96E302DC1CA7BB20002FAF82 /* DataBase */ = {
			isa = PBXGroup;
			children = (
				96E302DD1CA7BB57002FAF82 /* DataBaseManager.h */,
				96E302DE1CA7BB57002FAF82 /* DataBaseManager.m */,
				96E302E11CA7BF32002FAF82 /* StoreData.h */,
				96E302E21CA7BF32002FAF82 /* StoreData.m */,
			);
			name = DataBase;
			sourceTree = "<group>";
		};
		96E7513D1CAA518C00A62F1A /* ViewComponent */ = {
			isa = PBXGroup;
			children = (
				96E7513E1CAA51DC00A62F1A /* AddStoreDialogView.h */,
				96E7513F1CAA51DC00A62F1A /* AddStoreDialogView.m */,
				96D44DD01CAEB0B700D7DEED /* PhoneBookTableView.h */,
				96D44DD11CAEB0B700D7DEED /* PhoneBookTableView.m */,
			);
			name = ViewComponent;
			sourceTree = "<group>";
		};
		96EB9D5C1C9C18FB006E9222 /* image */ = {
			isa = PBXGroup;
			children = (
				96CB24CF1CA0589900949526 /* launchScreen.png */,
				96CB24CD1CA0578C00949526 /* appIconBig@2x.png */,
				96CB24C91CA055F200949526 /* appIcon@2x~ipad.png */,
				96CB24CA1CA055F200949526 /* appIcon~ipad.png */,
				96CB24C31CA0555200949526 /* appIcon.png */,
				96CB24C41CA0555200949526 /* appIcon@2x.png */,
				96CB24C51CA0555200949526 /* appIcon@3x.png */,
				96CB243E1C9FF9F800949526 /* PhotoBrowser */,
				96CB243C1C9FF43100949526 /* PhotoBrowser */,
				96EB9D5D1C9C18FB006E9222 /* 一家餐廳.jpg */,
				96EB9D5E1C9C18FB006E9222 /* 儷宴會館.jpg */,
			);
			path = image;
			sourceTree = SOURCE_ROOT;
		};
		E5EFEEB028CFCE9679B3C3CD /* Pods */ = {
			isa = PBXGroup;
			children = (
				50F425038A214AE0346ADF83 /* Pods-MinnieJasonWedding.debug.xcconfig */,
				9030F55F0FD8385050D449F2 /* Pods-MinnieJasonWedding.release.xcconfig */,
			);
			name = Pods;
			sourceTree = "<group>";
		};
/* End PBXGroup section */

/* Begin PBXNativeTarget section */
		968597811C9C0634003E9D96 /* MinnieJasonWedding */ = {
			isa = PBXNativeTarget;
			buildConfigurationList = 968597AF1C9C0634003E9D96 /* Build configuration list for PBXNativeTarget "MinnieJasonWedding" */;
			buildPhases = (
				A9EEC817FECBF28AB741CA42 /* Check Pods Manifest.lock */,
				9685977E1C9C0634003E9D96 /* Sources */,
				9685977F1C9C0634003E9D96 /* Frameworks */,
				968597801C9C0634003E9D96 /* Resources */,
				8F15FDAA88620D31A44D8DB7 /* Embed Pods Frameworks */,
				F00439932A1A40171C7C5FB5 /* Copy Pods Resources */,
			);
			buildRules = (
			);
			dependencies = (
			);
			name = MinnieJasonWedding;
			productName = MinnieJasonWedding;
			productReference = 968597821C9C0634003E9D96 /* MinnieJasonWedding.app */;
			productType = "com.apple.product-type.application";
		};
		9685979A1C9C0634003E9D96 /* MinnieJasonWeddingTests */ = {
			isa = PBXNativeTarget;
			buildConfigurationList = 968597B21C9C0634003E9D96 /* Build configuration list for PBXNativeTarget "MinnieJasonWeddingTests" */;
			buildPhases = (
				968597971C9C0634003E9D96 /* Sources */,
				968597981C9C0634003E9D96 /* Frameworks */,
				968597991C9C0634003E9D96 /* Resources */,
			);
			buildRules = (
			);
			dependencies = (
				9685979D1C9C0634003E9D96 /* PBXTargetDependency */,
			);
			name = MinnieJasonWeddingTests;
			productName = MinnieJasonWeddingTests;
			productReference = 9685979B1C9C0634003E9D96 /* MinnieJasonWeddingTests.xctest */;
			productType = "com.apple.product-type.bundle.unit-test";
		};
		968597A51C9C0634003E9D96 /* MinnieJasonWeddingUITests */ = {
			isa = PBXNativeTarget;
			buildConfigurationList = 968597B51C9C0634003E9D96 /* Build configuration list for PBXNativeTarget "MinnieJasonWeddingUITests" */;
			buildPhases = (
				968597A21C9C0634003E9D96 /* Sources */,
				968597A31C9C0634003E9D96 /* Frameworks */,
				968597A41C9C0634003E9D96 /* Resources */,
			);
			buildRules = (
			);
			dependencies = (
				968597A81C9C0634003E9D96 /* PBXTargetDependency */,
			);
			name = MinnieJasonWeddingUITests;
			productName = MinnieJasonWeddingUITests;
			productReference = 968597A61C9C0634003E9D96 /* MinnieJasonWeddingUITests.xctest */;
			productType = "com.apple.product-type.bundle.ui-testing";
		};
/* End PBXNativeTarget section */

/* Begin PBXProject section */
		9685977A1C9C0634003E9D96 /* Project object */ = {
			isa = PBXProject;
			attributes = {
				LastUpgradeCheck = 0720;
				ORGANIZATIONNAME = "Jason Wu";
				TargetAttributes = {
					968597811C9C0634003E9D96 = {
						CreatedOnToolsVersion = 7.2.1;
						DevelopmentTeam = 5BC45VV5G7;
					};
					9685979A1C9C0634003E9D96 = {
						CreatedOnToolsVersion = 7.2.1;
						TestTargetID = 968597811C9C0634003E9D96;
					};
					968597A51C9C0634003E9D96 = {
						CreatedOnToolsVersion = 7.2.1;
						TestTargetID = 968597811C9C0634003E9D96;
					};
				};
			};
			buildConfigurationList = 9685977D1C9C0634003E9D96 /* Build configuration list for PBXProject "MinnieJasonWedding" */;
			compatibilityVersion = "Xcode 3.2";
			developmentRegion = English;
			hasScannedForEncodings = 0;
			knownRegions = (
				en,
				Base,
			);
			mainGroup = 968597791C9C0634003E9D96;
			productRefGroup = 968597831C9C0634003E9D96 /* Products */;
			projectDirPath = "";
			projectRoot = "";
			targets = (
				968597811C9C0634003E9D96 /* MinnieJasonWedding */,
				9685979A1C9C0634003E9D96 /* MinnieJasonWeddingTests */,
				968597A51C9C0634003E9D96 /* MinnieJasonWeddingUITests */,
			);
		};
/* End PBXProject section */

/* Begin PBXResourcesBuildPhase section */
		968597801C9C0634003E9D96 /* Resources */ = {
			isa = PBXResourcesBuildPhase;
			buildActionMask = 2147483647;
			files = (
				96CB24B11C9FF9F800949526 /* DS_18608.jpg in Resources */,
				96CB24BC1C9FF9F800949526 /* DS_18736.jpg in Resources */,
				96EB9D5F1C9C18FB006E9222 /* 一家餐廳.jpg in Resources */,
				96CB24911C9FF9F800949526 /* DS_18443.jpg in Resources */,
				96CB24A61C9FF9F800949526 /* DS_18567.jpg in Resources */,
				96CB24B41C9FF9F800949526 /* DS_18640.jpg in Resources */,
				96EB9D601C9C18FB006E9222 /* 儷宴會館.jpg in Resources */,
				96CB249A1C9FF9F800949526 /* DS_18492.jpg in Resources */,
				96CB24D01CA0589900949526 /* launchScreen.png in Resources */,
				96CB24821C9FF9F800949526 /* DS_18336.jpg in Resources */,
				96CB24BE1C9FF9F800949526 /* DS_18760.jpg in Resources */,
				96CB24AB1C9FF9F800949526 /* DS_18578.jpg in Resources */,
				96CB24981C9FF9F800949526 /* DS_18470.jpg in Resources */,
				96CB24CE1CA0578C00949526 /* appIconBig@2x.png in Resources */,
				96CB24921C9FF9F800949526 /* DS_18445.jpg in Resources */,
				96CB249C1C9FF9F800949526 /* DS_18501.jpg in Resources */,
				96CB243D1C9FF43100949526 /* PhotoBrowser in Resources */,
				96CB248F1C9FF9F800949526 /* DS_18433.jpg in Resources */,
				96CB24B31C9FF9F800949526 /* DS_18627.jpg in Resources */,
				96CB24D61CA05AE900949526 /* Default.png in Resources */,
				96CB24C71CA0555200949526 /* appIcon@2x.png in Resources */,
				96CB24A11C9FF9F800949526 /* DS_18530.jpg in Resources */,
				96CB248C1C9FF9F800949526 /* DS_18415.jpg in Resources */,
				96CB24891C9FF9F800949526 /* DS_18376.jpg in Resources */,
				96CB24A41C9FF9F800949526 /* DS_18563.jpg in Resources */,
				96CB249D1C9FF9F800949526 /* DS_18509.jpg in Resources */,
				96CB248D1C9FF9F800949526 /* DS_18422.jpg in Resources */,
				96CB24AC1C9FF9F800949526 /* DS_18584.jpg in Resources */,
				96CB24A51C9FF9F800949526 /* DS_18565.jpg in Resources */,
				96CB24991C9FF9F800949526 /* DS_18485.jpg in Resources */,
				96CB24801C9FF9F800949526 /* DS_18327.jpg in Resources */,
				96CB24841C9FF9F800949526 /* DS_18357.jpg in Resources */,
				96CB24951C9FF9F800949526 /* DS_18465.jpg in Resources */,
				96CB24941C9FF9F800949526 /* DS_18459.jpg in Resources */,
				96CB248E1C9FF9F800949526 /* DS_18430.jpg in Resources */,
				96CB24A71C9FF9F800949526 /* DS_18573.jpg in Resources */,
				96CB24B61C9FF9F800949526 /* DS_18650.jpg in Resources */,
				96CB24BD1C9FF9F800949526 /* DS_18739.jpg in Resources */,
				96CB24A21C9FF9F800949526 /* DS_18532.jpg in Resources */,
				96CB24C81CA0555200949526 /* appIcon@3x.png in Resources */,
				96CB24B91C9FF9F800949526 /* DS_18699.jpg in Resources */,
				96CB24AA1C9FF9F800949526 /* DS_18576.jpg in Resources */,
				96CB24B01C9FF9F800949526 /* DS_18606.jpg in Resources */,
				96CB24AD1C9FF9F800949526 /* DS_18586.jpg in Resources */,
				96CB24901C9FF9F800949526 /* DS_18435.jpg in Resources */,
				96CB24AF1C9FF9F800949526 /* DS_18591.jpg in Resources */,
				96CB24B51C9FF9F800949526 /* DS_18646.jpg in Resources */,
				96CB24871C9FF9F800949526 /* DS_18365.jpg in Resources */,
				96CB24CC1CA055F200949526 /* appIcon~ipad.png in Resources */,
				96CB24CB1CA055F200949526 /* appIcon@2x~ipad.png in Resources */,
				96CB24831C9FF9F800949526 /* DS_18337.jpg in Resources */,
				96CB249E1C9FF9F800949526 /* DS_18519.jpg in Resources */,
				96CB24C01C9FF9F800949526 /* DS_18765.jpg in Resources */,
				968597951C9C0634003E9D96 /* LaunchScreen.storyboard in Resources */,
				96CB24BB1C9FF9F800949526 /* DS_18726.jpg in Resources */,
				96CB24A91C9FF9F800949526 /* DS_18575.jpg in Resources */,
				96CB24AE1C9FF9F800949526 /* DS_18590.jpg in Resources */,
				96CB24D71CA05AE900949526 /* Default@2x.png in Resources */,
				96CB24D51CA05AE900949526 /* Default-568h@2x.png in Resources */,
				96CB24A01C9FF9F800949526 /* DS_18527.jpg in Resources */,
				96CB248A1C9FF9F800949526 /* DS_18380.jpg in Resources */,
				96CB24B81C9FF9F800949526 /* DS_18698.jpg in Resources */,
				96CB24881C9FF9F800949526 /* DS_18372.jpg in Resources */,
				968597921C9C0634003E9D96 /* Assets.xcassets in Resources */,
				96CB24E01CA05F9100949526 /* LaunchScreen~ipad.storyboard in Resources */,
				96CB24961C9FF9F800949526 /* DS_18468.jpg in Resources */,
				96CB24811C9FF9F800949526 /* DS_18334.jpg in Resources */,
				96CB24851C9FF9F800949526 /* DS_18358.jpg in Resources */,
				96CB249F1C9FF9F800949526 /* DS_18520.jpg in Resources */,
				96CB24BA1C9FF9F800949526 /* DS_18723.jpg in Resources */,
				96CB24931C9FF9F800949526 /* DS_18446.jpg in Resources */,
				96CB249B1C9FF9F800949526 /* DS_18500.jpg in Resources */,
				96CB24B21C9FF9F800949526 /* DS_18621.jpg in Resources */,
				96CB24A31C9FF9F800949526 /* DS_18540.jpg in Resources */,
				96CB24861C9FF9F800949526 /* DS_18362.jpg in Resources */,
				96CB24971C9FF9F800949526 /* DS_18469.jpg in Resources */,
				96CB24BF1C9FF9F800949526 /* DS_18764.jpg in Resources */,
				96CB24B71C9FF9F800949526 /* DS_18684.jpg in Resources */,
				96CB24C61CA0555200949526 /* appIcon.png in Resources */,
				96CB248B1C9FF9F800949526 /* DS_18413.jpg in Resources */,
				96CB24A81C9FF9F800949526 /* DS_18574.jpg in Resources */,
				968597901C9C0634003E9D96 /* Main.storyboard in Resources */,
			);
			runOnlyForDeploymentPostprocessing = 0;
		};
		968597991C9C0634003E9D96 /* Resources */ = {
			isa = PBXResourcesBuildPhase;
			buildActionMask = 2147483647;
			files = (
			);
			runOnlyForDeploymentPostprocessing = 0;
		};
		968597A41C9C0634003E9D96 /* Resources */ = {
			isa = PBXResourcesBuildPhase;
			buildActionMask = 2147483647;
			files = (
			);
			runOnlyForDeploymentPostprocessing = 0;
		};
/* End PBXResourcesBuildPhase section */

/* Begin PBXShellScriptBuildPhase section */
		8F15FDAA88620D31A44D8DB7 /* Embed Pods Frameworks */ = {
			isa = PBXShellScriptBuildPhase;
			buildActionMask = 2147483647;
			files = (
			);
			inputPaths = (
			);
			name = "Embed Pods Frameworks";
			outputPaths = (
			);
			runOnlyForDeploymentPostprocessing = 0;
			shellPath = /bin/sh;
			shellScript = "\"${SRCROOT}/Pods/Target Support Files/Pods-MinnieJasonWedding/Pods-MinnieJasonWedding-frameworks.sh\"\n";
			showEnvVarsInLog = 0;
		};
		A9EEC817FECBF28AB741CA42 /* Check Pods Manifest.lock */ = {
			isa = PBXShellScriptBuildPhase;
			buildActionMask = 2147483647;
			files = (
			);
			inputPaths = (
			);
			name = "Check Pods Manifest.lock";
			outputPaths = (
			);
			runOnlyForDeploymentPostprocessing = 0;
			shellPath = /bin/sh;
			shellScript = "diff \"${PODS_ROOT}/../Podfile.lock\" \"${PODS_ROOT}/Manifest.lock\" > /dev/null\nif [[ $? != 0 ]] ; then\n    cat << EOM\nerror: The sandbox is not in sync with the Podfile.lock. Run 'pod install' or update your CocoaPods installation.\nEOM\n    exit 1\nfi\n";
			showEnvVarsInLog = 0;
		};
		F00439932A1A40171C7C5FB5 /* Copy Pods Resources */ = {
			isa = PBXShellScriptBuildPhase;
			buildActionMask = 2147483647;
			files = (
			);
			inputPaths = (
			);
			name = "Copy Pods Resources";
			outputPaths = (
			);
			runOnlyForDeploymentPostprocessing = 0;
			shellPath = /bin/sh;
			shellScript = "\"${SRCROOT}/Pods/Target Support Files/Pods-MinnieJasonWedding/Pods-MinnieJasonWedding-resources.sh\"\n";
			showEnvVarsInLog = 0;
		};
/* End PBXShellScriptBuildPhase section */

/* Begin PBXSourcesBuildPhase section */
		9685977E1C9C0634003E9D96 /* Sources */ = {
			isa = PBXSourcesBuildPhase;
			buildActionMask = 2147483647;
			files = (
				96E751401CAA51DC00A62F1A /* AddStoreDialogView.m in Sources */,
				967B0E621C9FDE440010C612 /* PhotoBrowserViewController.m in Sources */,
				9685978D1C9C0634003E9D96 /* ViewController.m in Sources */,
				96E302E31CA7BF32002FAF82 /* StoreData.m in Sources */,
				964A61C21CA822A7004D9B7C /* PhoneBookTableViewCell.m in Sources */,
				96E302DF1CA7BB57002FAF82 /* DataBaseManager.m in Sources */,
				96D44DD51CAEC55700D7DEED /* HomeViewController.m in Sources */,
				96E302DA1CA7B98F002FAF82 /* PhoneBookTableViewController.m in Sources */,
				9685978A1C9C0634003E9D96 /* AppDelegate.m in Sources */,
				968597871C9C0634003E9D96 /* main.m in Sources */,
				96D44DD21CAEB0B700D7DEED /* PhoneBookTableView.m in Sources */,
			);
			runOnlyForDeploymentPostprocessing = 0;
		};
		968597971C9C0634003E9D96 /* Sources */ = {
			isa = PBXSourcesBuildPhase;
			buildActionMask = 2147483647;
			files = (
				968597A01C9C0634003E9D96 /* MinnieJasonWeddingTests.m in Sources */,
			);
			runOnlyForDeploymentPostprocessing = 0;
		};
		968597A21C9C0634003E9D96 /* Sources */ = {
			isa = PBXSourcesBuildPhase;
			buildActionMask = 2147483647;
			files = (
				968597AB1C9C0634003E9D96 /* MinnieJasonWeddingUITests.m in Sources */,
			);
			runOnlyForDeploymentPostprocessing = 0;
		};
/* End PBXSourcesBuildPhase section */

/* Begin PBXTargetDependency section */
		9685979D1C9C0634003E9D96 /* PBXTargetDependency */ = {
			isa = PBXTargetDependency;
			target = 968597811C9C0634003E9D96 /* MinnieJasonWedding */;
			targetProxy = 9685979C1C9C0634003E9D96 /* PBXContainerItemProxy */;
		};
		968597A81C9C0634003E9D96 /* PBXTargetDependency */ = {
			isa = PBXTargetDependency;
			target = 968597811C9C0634003E9D96 /* MinnieJasonWedding */;
			targetProxy = 968597A71C9C0634003E9D96 /* PBXContainerItemProxy */;
		};
/* End PBXTargetDependency section */

/* Begin PBXVariantGroup section */
		9685978E1C9C0634003E9D96 /* Main.storyboard */ = {
			isa = PBXVariantGroup;
			children = (
				9685978F1C9C0634003E9D96 /* Base */,
			);
			name = Main.storyboard;
			sourceTree = "<group>";
		};
		968597931C9C0634003E9D96 /* LaunchScreen.storyboard */ = {
			isa = PBXVariantGroup;
			children = (
				968597941C9C0634003E9D96 /* Base */,
			);
			name = LaunchScreen.storyboard;
			sourceTree = "<group>";
		};
		96CB24DE1CA05F9100949526 /* LaunchScreen~ipad.storyboard */ = {
			isa = PBXVariantGroup;
			children = (
				96CB24DF1CA05F9100949526 /* Base */,
			);
			name = "LaunchScreen~ipad.storyboard";
			sourceTree = "<group>";
		};
		96D71B741CAC0C41006C119E /* Main~ipad.storyboard */ = {
			isa = PBXVariantGroup;
			children = (
			);
			name = "Main~ipad.storyboard";
			sourceTree = "<group>";
		};
/* End PBXVariantGroup section */

/* Begin XCBuildConfiguration section */
		968597AD1C9C0634003E9D96 /* Debug */ = {
			isa = XCBuildConfiguration;
			buildSettings = {
				ALWAYS_SEARCH_USER_PATHS = NO;
				CLANG_CXX_LANGUAGE_STANDARD = "gnu++0x";
				CLANG_CXX_LIBRARY = "libc++";
				CLANG_ENABLE_MODULES = YES;
				CLANG_ENABLE_OBJC_ARC = YES;
				CLANG_WARN_BOOL_CONVERSION = YES;
				CLANG_WARN_CONSTANT_CONVERSION = YES;
				CLANG_WARN_DIRECT_OBJC_ISA_USAGE = YES_ERROR;
				CLANG_WARN_EMPTY_BODY = YES;
				CLANG_WARN_ENUM_CONVERSION = YES;
				CLANG_WARN_INT_CONVERSION = YES;
				CLANG_WARN_OBJC_ROOT_CLASS = YES_ERROR;
				CLANG_WARN_UNREACHABLE_CODE = YES;
				CLANG_WARN__DUPLICATE_METHOD_MATCH = YES;
				"CODE_SIGN_IDENTITY[sdk=iphoneos*]" = "iPhone Developer";
				COPY_PHASE_STRIP = NO;
				DEBUG_INFORMATION_FORMAT = dwarf;
				ENABLE_STRICT_OBJC_MSGSEND = YES;
				ENABLE_TESTABILITY = YES;
				GCC_C_LANGUAGE_STANDARD = gnu99;
				GCC_DYNAMIC_NO_PIC = NO;
				GCC_NO_COMMON_BLOCKS = YES;
				GCC_OPTIMIZATION_LEVEL = 0;
				GCC_PREPROCESSOR_DEFINITIONS = (
					"DEBUG=1",
					"$(inherited)",
				);
				GCC_WARN_64_TO_32_BIT_CONVERSION = YES;
				GCC_WARN_ABOUT_RETURN_TYPE = YES_ERROR;
				GCC_WARN_UNDECLARED_SELECTOR = YES;
				GCC_WARN_UNINITIALIZED_AUTOS = YES_AGGRESSIVE;
				GCC_WARN_UNUSED_FUNCTION = YES;
				GCC_WARN_UNUSED_VARIABLE = YES;
				IPHONEOS_DEPLOYMENT_TARGET = 9.2;
				MTL_ENABLE_DEBUG_INFO = YES;
				ONLY_ACTIVE_ARCH = YES;
				SDKROOT = iphoneos;
				TARGETED_DEVICE_FAMILY = "1,2";
			};
			name = Debug;
		};
		968597AE1C9C0634003E9D96 /* Release */ = {
			isa = XCBuildConfiguration;
			buildSettings = {
				ALWAYS_SEARCH_USER_PATHS = NO;
				CLANG_CXX_LANGUAGE_STANDARD = "gnu++0x";
				CLANG_CXX_LIBRARY = "libc++";
				CLANG_ENABLE_MODULES = YES;
				CLANG_ENABLE_OBJC_ARC = YES;
				CLANG_WARN_BOOL_CONVERSION = YES;
				CLANG_WARN_CONSTANT_CONVERSION = YES;
				CLANG_WARN_DIRECT_OBJC_ISA_USAGE = YES_ERROR;
				CLANG_WARN_EMPTY_BODY = YES;
				CLANG_WARN_ENUM_CONVERSION = YES;
				CLANG_WARN_INT_CONVERSION = YES;
				CLANG_WARN_OBJC_ROOT_CLASS = YES_ERROR;
				CLANG_WARN_UNREACHABLE_CODE = YES;
				CLANG_WARN__DUPLICATE_METHOD_MATCH = YES;
				"CODE_SIGN_IDENTITY[sdk=iphoneos*]" = "iPhone Developer";
				COPY_PHASE_STRIP = NO;
				DEBUG_INFORMATION_FORMAT = "dwarf-with-dsym";
				ENABLE_NS_ASSERTIONS = NO;
				ENABLE_STRICT_OBJC_MSGSEND = YES;
				GCC_C_LANGUAGE_STANDARD = gnu99;
				GCC_NO_COMMON_BLOCKS = YES;
				GCC_WARN_64_TO_32_BIT_CONVERSION = YES;
				GCC_WARN_ABOUT_RETURN_TYPE = YES_ERROR;
				GCC_WARN_UNDECLARED_SELECTOR = YES;
				GCC_WARN_UNINITIALIZED_AUTOS = YES_AGGRESSIVE;
				GCC_WARN_UNUSED_FUNCTION = YES;
				GCC_WARN_UNUSED_VARIABLE = YES;
				IPHONEOS_DEPLOYMENT_TARGET = 9.2;
				MTL_ENABLE_DEBUG_INFO = NO;
				SDKROOT = iphoneos;
				TARGETED_DEVICE_FAMILY = "1,2";
				VALIDATE_PRODUCT = YES;
			};
			name = Release;
		};
		968597B01C9C0634003E9D96 /* Debug */ = {
			isa = XCBuildConfiguration;
			baseConfigurationReference = 50F425038A214AE0346ADF83 /* Pods-MinnieJasonWedding.debug.xcconfig */;
			buildSettings = {
				ASSETCATALOG_COMPILER_APPICON_NAME = AppIcon;
				CODE_SIGN_IDENTITY = "iPhone Developer";
				INFOPLIST_FILE = MinnieJasonWedding/Info.plist;
				IPHONEOS_DEPLOYMENT_TARGET = 7.0;
				LD_RUNPATH_SEARCH_PATHS = "$(inherited) @executable_path/Frameworks";
				PRODUCT_BUNDLE_IDENTIFIER = MinnieJasonWedding;
				PRODUCT_NAME = "$(TARGET_NAME)";
				TARGETED_DEVICE_FAMILY = "1,2";
			};
			name = Debug;
		};
		968597B11C9C0634003E9D96 /* Release */ = {
			isa = XCBuildConfiguration;
			baseConfigurationReference = 9030F55F0FD8385050D449F2 /* Pods-MinnieJasonWedding.release.xcconfig */;
			buildSettings = {
				ASSETCATALOG_COMPILER_APPICON_NAME = AppIcon;
				CODE_SIGN_IDENTITY = "iPhone Developer";
				INFOPLIST_FILE = MinnieJasonWedding/Info.plist;
				IPHONEOS_DEPLOYMENT_TARGET = 7.0;
				LD_RUNPATH_SEARCH_PATHS = "$(inherited) @executable_path/Frameworks";
				PRODUCT_BUNDLE_IDENTIFIER = MinnieJasonWedding;
				PRODUCT_NAME = "$(TARGET_NAME)";
				TARGETED_DEVICE_FAMILY = "1,2";
			};
			name = Release;
		};
		968597B31C9C0634003E9D96 /* Debug */ = {
			isa = XCBuildConfiguration;
			buildSettings = {
				BUNDLE_LOADER = "$(TEST_HOST)";
				INFOPLIST_FILE = MinnieJasonWeddingTests/Info.plist;
				LD_RUNPATH_SEARCH_PATHS = "$(inherited) @executable_path/Frameworks @loader_path/Frameworks";
				PRODUCT_BUNDLE_IDENTIFIER = jason.MinnieJasonWeddingTests;
				PRODUCT_NAME = "$(TARGET_NAME)";
				TEST_HOST = "$(BUILT_PRODUCTS_DIR)/MinnieJasonWedding.app/MinnieJasonWedding";
			};
			name = Debug;
		};
		968597B41C9C0634003E9D96 /* Release */ = {
			isa = XCBuildConfiguration;
			buildSettings = {
				BUNDLE_LOADER = "$(TEST_HOST)";
				INFOPLIST_FILE = MinnieJasonWeddingTests/Info.plist;
				LD_RUNPATH_SEARCH_PATHS = "$(inherited) @executable_path/Frameworks @loader_path/Frameworks";
				PRODUCT_BUNDLE_IDENTIFIER = jason.MinnieJasonWeddingTests;
				PRODUCT_NAME = "$(TARGET_NAME)";
				TEST_HOST = "$(BUILT_PRODUCTS_DIR)/MinnieJasonWedding.app/MinnieJasonWedding";
			};
			name = Release;
		};
		968597B61C9C0634003E9D96 /* Debug */ = {
			isa = XCBuildConfiguration;
			buildSettings = {
				INFOPLIST_FILE = MinnieJasonWeddingUITests/Info.plist;
				LD_RUNPATH_SEARCH_PATHS = "$(inherited) @executable_path/Frameworks @loader_path/Frameworks";
				PRODUCT_BUNDLE_IDENTIFIER = jason.MinnieJasonWeddingUITests;
				PRODUCT_NAME = "$(TARGET_NAME)";
				TEST_TARGET_NAME = MinnieJasonWedding;
				USES_XCTRUNNER = YES;
			};
			name = Debug;
		};
		968597B71C9C0634003E9D96 /* Release */ = {
			isa = XCBuildConfiguration;
			buildSettings = {
				INFOPLIST_FILE = MinnieJasonWeddingUITests/Info.plist;
				LD_RUNPATH_SEARCH_PATHS = "$(inherited) @executable_path/Frameworks @loader_path/Frameworks";
				PRODUCT_BUNDLE_IDENTIFIER = jason.MinnieJasonWeddingUITests;
				PRODUCT_NAME = "$(TARGET_NAME)";
				TEST_TARGET_NAME = MinnieJasonWedding;
				USES_XCTRUNNER = YES;
			};
			name = Release;
		};
/* End XCBuildConfiguration section */

/* Begin XCConfigurationList section */
		9685977D1C9C0634003E9D96 /* Build configuration list for PBXProject "MinnieJasonWedding" */ = {
			isa = XCConfigurationList;
			buildConfigurations = (
				968597AD1C9C0634003E9D96 /* Debug */,
				968597AE1C9C0634003E9D96 /* Release */,
			);
			defaultConfigurationIsVisible = 0;
			defaultConfigurationName = Release;
		};
		968597AF1C9C0634003E9D96 /* Build configuration list for PBXNativeTarget "MinnieJasonWedding" */ = {
			isa = XCConfigurationList;
			buildConfigurations = (
				968597B01C9C0634003E9D96 /* Debug */,
				968597B11C9C0634003E9D96 /* Release */,
			);
			defaultConfigurationIsVisible = 0;
			defaultConfigurationName = Release;
		};
		968597B21C9C0634003E9D96 /* Build configuration list for PBXNativeTarget "MinnieJasonWeddingTests" */ = {
			isa = XCConfigurationList;
			buildConfigurations = (
				968597B31C9C0634003E9D96 /* Debug */,
				968597B41C9C0634003E9D96 /* Release */,
			);
			defaultConfigurationIsVisible = 0;
			defaultConfigurationName = Release;
		};
		968597B51C9C0634003E9D96 /* Build configuration list for PBXNativeTarget "MinnieJasonWeddingUITests" */ = {
			isa = XCConfigurationList;
			buildConfigurations = (
				968597B61C9C0634003E9D96 /* Debug */,
				968597B71C9C0634003E9D96 /* Release */,
			);
			defaultConfigurationIsVisible = 0;
			defaultConfigurationName = Release;
		};
/* End XCConfigurationList section */
	};
	rootObject = 9685977A1C9C0634003E9D96 /* Project object */;
}
